
Microsoft Visual Studio Solution File, Format Version 12.00
# Visual Studio Version 17
VisualStudioVersion = 17.7.34031.279
MinimumVisualStudioVersion = 10.0.40219.1
Project("{FAE04EC0-301F-11D3-BF4B-00C04F79EFBC}") = "Online Bank system", "Online Bank system\Online Bank system.csproj", "{FAE71EF0-F2B9-4FA8-97C3-6D0D2244F779}"
EndProject
Global
	GlobalSection(SolutionConfigurationPlatforms) = preSolution
		Debug|Any CPU = Debug|Any CPU
		Release|Any CPU = Release|Any CPU
	EndGlobalSection
	GlobalSection(ProjectConfigurationPlatforms) = postSolution
		{FAE71EF0-F2B9-4FA8-97C3-6D0D2244F779}.Debug|Any CPU.ActiveCfg = Debug|Any CPU
		{FAE71EF0-F2B9-4FA8-97C3-6D0D2244F779}.Debug|Any CPU.Build.0 = Debug|Any CPU
		{FAE71EF0-F2B9-4FA8-97C3-6D0D2244F779}.Release|Any CPU.ActiveCfg = Release|Any CPU
		{FAE71EF0-F2B9-4FA8-97C3-6D0D2244F779}.Release|Any CPU.Build.0 = Release|Any CPU
	EndGlobalSection
	GlobalSection(SolutionProperties) = preSolution
		HideSolutionNode = FALSE
	EndGlobalSection
	GlobalSection(ExtensibilityGlobals) = postSolution
		SolutionGuid = {9C4039B5-290F-4655-B6C5-85E63BD5FEE0}
	EndGlobalSection
EndGlobal
